
Microsoft Visual Studio Solution File, Format Version 11.00
# Visual Studio 2010
Project("{2150E333-8FDC-42A3-9474-1A3956D46DE8}") = "Solution Items", "Solution Items", "{DB5A63BC-5D9D-4E15-AAC6-644414035980}"
EndProject
Project("{8BC9CEB8-8B4A-11D0-8D11-00A0C91BC942}") = "SMILExtract", "openSmile.vcxproj", "{264EDD6D-E130-4E30-9607-D6D74EF856B5}"
EndProject
Project("{8BC9CEB8-8B4A-11D0-8D11-00A0C91BC942}") = "openSmileLib", "openSmileLib.vcxproj", "{F5F2B328-E89C-4ED7-9A16-91E547F99E6E}"
	ProjectSection(ProjectDependencies) = postProject
		{B2F72986-3DFF-4113-9346-DD4FD485C8B0} = {B2F72986-3DFF-4113-9346-DD4FD485C8B0}
		{7361A0F8-87E5-4539-B912-880FE6FAA86C} = {7361A0F8-87E5-4539-B912-880FE6FAA86C}
	EndProjectSection
EndProject
Project("{8BC9CEB8-8B4A-11D0-8D11-00A0C91BC942}") = "openSmileLibPortaudio", "openSmileLibPortaudio.vcxproj", "{B2F72986-3DFF-4113-9346-DD4FD485C8B0}"
	ProjectSection(ProjectDependencies) = postProject
		{0A18A071-125E-442F-AFF7-A3F68ABECF99} = {0A18A071-125E-442F-AFF7-A3F68ABECF99}
	EndProjectSection
EndProject
Project("{8BC9CEB8-8B4A-11D0-8D11-00A0C91BC942}") = "portaudio", "..\..\thirdparty\portaudio\build\msvc\portaudio.vcxproj", "{0A18A071-125E-442F-AFF7-A3F68ABECF99}"
EndProject
Project("{8BC9CEB8-8B4A-11D0-8D11-00A0C91BC942}") = "openSmileLibClassif", "openSmileLibClassif.vcxproj", "{7361A0F8-87E5-4539-B912-880FE6FAA86C}"
EndProject
Project("{8BC9CEB8-8B4A-11D0-8D11-00A0C91BC942}") = "openSmileLibLibsvm", "openSmileLibLibsvm.vcxproj", "{17F673EA-8364-4B82-BC98-895CCD40D5F0}"
EndProject
Global
	GlobalSection(SolutionConfigurationPlatforms) = preSolution
		Debug|Win32 = Debug|Win32
		Debug|x64 = Debug|x64
		DebugOpenCV|Win32 = DebugOpenCV|Win32
		DebugOpenCV|x64 = DebugOpenCV|x64
		DebugPortaudio|Win32 = DebugPortaudio|Win32
		DebugPortaudio|x64 = DebugPortaudio|x64
		DebugPortaudioOpenCV|Win32 = DebugPortaudioOpenCV|Win32
		DebugPortaudioOpenCV|x64 = DebugPortaudioOpenCV|x64
		Release|Win32 = Release|Win32
		Release|x64 = Release|x64
		ReleaseOpenCV|Win32 = ReleaseOpenCV|Win32
		ReleaseOpenCV|x64 = ReleaseOpenCV|x64
		ReleasePortaudio|Win32 = ReleasePortaudio|Win32
		ReleasePortaudio|x64 = ReleasePortaudio|x64
		ReleasePortaudioOpenCV|Win32 = ReleasePortaudioOpenCV|Win32
		ReleasePortaudioOpenCV|x64 = ReleasePortaudioOpenCV|x64
	EndGlobalSection
	GlobalSection(ProjectConfigurationPlatforms) = postSolution
		{264EDD6D-E130-4E30-9607-D6D74EF856B5}.Debug|Win32.ActiveCfg = Debug|Win32
		{264EDD6D-E130-4E30-9607-D6D74EF856B5}.Debug|Win32.Build.0 = Debug|Win32
		{264EDD6D-E130-4E30-9607-D6D74EF856B5}.Debug|x64.ActiveCfg = Debug|Win32
		{264EDD6D-E130-4E30-9607-D6D74EF856B5}.DebugOpenCV|Win32.ActiveCfg = DebugOpenCV|Win32
		{264EDD6D-E130-4E30-9607-D6D74EF856B5}.DebugOpenCV|Win32.Build.0 = DebugOpenCV|Win32
		{264EDD6D-E130-4E30-9607-D6D74EF856B5}.DebugOpenCV|x64.ActiveCfg = DebugOpenCV|Win32
		{264EDD6D-E130-4E30-9607-D6D74EF856B5}.DebugPortaudio|Win32.ActiveCfg = DebugPortaudio|Win32
		{264EDD6D-E130-4E30-9607-D6D74EF856B5}.DebugPortaudio|Win32.Build.0 = DebugPortaudio|Win32
		{264EDD6D-E130-4E30-9607-D6D74EF856B5}.DebugPortaudio|x64.ActiveCfg = DebugPortaudio|Win32
		{264EDD6D-E130-4E30-9607-D6D74EF856B5}.DebugPortaudioOpenCV|Win32.ActiveCfg = DebugPortaudioOpenCV|Win32
		{264EDD6D-E130-4E30-9607-D6D74EF856B5}.DebugPortaudioOpenCV|Win32.Build.0 = DebugPortaudioOpenCV|Win32
		{264EDD6D-E130-4E30-9607-D6D74EF856B5}.DebugPortaudioOpenCV|x64.ActiveCfg = DebugPortaudioOpenCV|Win32
		{264EDD6D-E130-4E30-9607-D6D74EF856B5}.Release|Win32.ActiveCfg = Release|Win32
		{264EDD6D-E130-4E30-9607-D6D74EF856B5}.Release|Win32.Build.0 = Release|Win32
		{264EDD6D-E130-4E30-9607-D6D74EF856B5}.Release|x64.ActiveCfg = Release|Win32
		{264EDD6D-E130-4E30-9607-D6D74EF856B5}.ReleaseOpenCV|Win32.ActiveCfg = ReleaseOpenCV|Win32
		{264EDD6D-E130-4E30-9607-D6D74EF856B5}.ReleaseOpenCV|Win32.Build.0 = ReleaseOpenCV|Win32
		{264EDD6D-E130-4E30-9607-D6D74EF856B5}.ReleaseOpenCV|x64.ActiveCfg = ReleaseOpenCV|Win32
		{264EDD6D-E130-4E30-9607-D6D74EF856B5}.ReleasePortaudio|Win32.ActiveCfg = ReleasePortaudio|Win32
		{264EDD6D-E130-4E30-9607-D6D74EF856B5}.ReleasePortaudio|Win32.Build.0 = ReleasePortaudio|Win32
		{264EDD6D-E130-4E30-9607-D6D74EF856B5}.ReleasePortaudio|x64.ActiveCfg = ReleasePortaudio|Win32
		{264EDD6D-E130-4E30-9607-D6D74EF856B5}.ReleasePortaudioOpenCV|Win32.ActiveCfg = ReleasePortAudioOpenCV|Win32
		{264EDD6D-E130-4E30-9607-D6D74EF856B5}.ReleasePortaudioOpenCV|Win32.Build.0 = ReleasePortAudioOpenCV|Win32
		{264EDD6D-E130-4E30-9607-D6D74EF856B5}.ReleasePortaudioOpenCV|x64.ActiveCfg = ReleasePortAudioOpenCV|Win32
		{F5F2B328-E89C-4ED7-9A16-91E547F99E6E}.Debug|Win32.ActiveCfg = Debug|Win32
		{F5F2B328-E89C-4ED7-9A16-91E547F99E6E}.Debug|Win32.Build.0 = Debug|Win32
		{F5F2B328-E89C-4ED7-9A16-91E547F99E6E}.Debug|x64.ActiveCfg = Debug|Win32
		{F5F2B328-E89C-4ED7-9A16-91E547F99E6E}.DebugOpenCV|Win32.ActiveCfg = DebugOpenCV|Win32
		{F5F2B328-E89C-4ED7-9A16-91E547F99E6E}.DebugOpenCV|Win32.Build.0 = DebugOpenCV|Win32
		{F5F2B328-E89C-4ED7-9A16-91E547F99E6E}.DebugOpenCV|x64.ActiveCfg = DebugOpenCV|Win32
		{F5F2B328-E89C-4ED7-9A16-91E547F99E6E}.DebugPortaudio|Win32.ActiveCfg = DebugPortaudio|Win32
		{F5F2B328-E89C-4ED7-9A16-91E547F99E6E}.DebugPortaudio|Win32.Build.0 = DebugPortaudio|Win32
		{F5F2B328-E89C-4ED7-9A16-91E547F99E6E}.DebugPortaudio|x64.ActiveCfg = DebugPortaudio|Win32
		{F5F2B328-E89C-4ED7-9A16-91E547F99E6E}.DebugPortaudioOpenCV|Win32.ActiveCfg = DebugPortaudioOpenCV|Win32
		{F5F2B328-E89C-4ED7-9A16-91E547F99E6E}.DebugPortaudioOpenCV|Win32.Build.0 = DebugPortaudioOpenCV|Win32
		{F5F2B328-E89C-4ED7-9A16-91E547F99E6E}.DebugPortaudioOpenCV|x64.ActiveCfg = DebugPortaudioOpenCV|Win32
		{F5F2B328-E89C-4ED7-9A16-91E547F99E6E}.Release|Win32.ActiveCfg = Release|Win32
		{F5F2B328-E89C-4ED7-9A16-91E547F99E6E}.Release|Win32.Build.0 = Release|Win32
		{F5F2B328-E89C-4ED7-9A16-91E547F99E6E}.Release|x64.ActiveCfg = Release|Win32
		{F5F2B328-E89C-4ED7-9A16-91E547F99E6E}.ReleaseOpenCV|Win32.ActiveCfg = ReleaseOpenCV|Win32
		{F5F2B328-E89C-4ED7-9A16-91E547F99E6E}.ReleaseOpenCV|Win32.Build.0 = ReleaseOpenCV|Win32
		{F5F2B328-E89C-4ED7-9A16-91E547F99E6E}.ReleaseOpenCV|x64.ActiveCfg = ReleaseOpenCV|Win32
		{F5F2B328-E89C-4ED7-9A16-91E547F99E6E}.ReleasePortaudio|Win32.ActiveCfg = ReleasePortaudio|Win32
		{F5F2B328-E89C-4ED7-9A16-91E547F99E6E}.ReleasePortaudio|Win32.Build.0 = ReleasePortaudio|Win32
		{F5F2B328-E89C-4ED7-9A16-91E547F99E6E}.ReleasePortaudio|x64.ActiveCfg = ReleasePortaudio|Win32
		{F5F2B328-E89C-4ED7-9A16-91E547F99E6E}.ReleasePortaudioOpenCV|Win32.ActiveCfg = ReleasePortAudioOpenCV|Win32
		{F5F2B328-E89C-4ED7-9A16-91E547F99E6E}.ReleasePortaudioOpenCV|Win32.Build.0 = ReleasePortAudioOpenCV|Win32
		{F5F2B328-E89C-4ED7-9A16-91E547F99E6E}.ReleasePortaudioOpenCV|x64.ActiveCfg = ReleasePortAudioOpenCV|Win32
		{B2F72986-3DFF-4113-9346-DD4FD485C8B0}.Debug|Win32.ActiveCfg = Debug|Win32
		{B2F72986-3DFF-4113-9346-DD4FD485C8B0}.Debug|x64.ActiveCfg = Debug|Win32
		{B2F72986-3DFF-4113-9346-DD4FD485C8B0}.DebugOpenCV|Win32.ActiveCfg = DebugOpenCV|Win32
		{B2F72986-3DFF-4113-9346-DD4FD485C8B0}.DebugOpenCV|x64.ActiveCfg = DebugOpenCV|Win32
		{B2F72986-3DFF-4113-9346-DD4FD485C8B0}.DebugPortaudio|Win32.ActiveCfg = DebugPortaudio|Win32
		{B2F72986-3DFF-4113-9346-DD4FD485C8B0}.DebugPortaudio|Win32.Build.0 = DebugPortaudio|Win32
		{B2F72986-3DFF-4113-9346-DD4FD485C8B0}.DebugPortaudio|x64.ActiveCfg = Debug|Win32
		{B2F72986-3DFF-4113-9346-DD4FD485C8B0}.DebugPortaudioOpenCV|Win32.ActiveCfg = DebugPortaudioOpenCV|Win32
		{B2F72986-3DFF-4113-9346-DD4FD485C8B0}.DebugPortaudioOpenCV|Win32.Build.0 = DebugPortaudioOpenCV|Win32
		{B2F72986-3DFF-4113-9346-DD4FD485C8B0}.DebugPortaudioOpenCV|x64.ActiveCfg = DebugPortaudioOpenCV|Win32
		{B2F72986-3DFF-4113-9346-DD4FD485C8B0}.Release|Win32.ActiveCfg = Release|Win32
		{B2F72986-3DFF-4113-9346-DD4FD485C8B0}.Release|Win32.Build.0 = Release|Win32
		{B2F72986-3DFF-4113-9346-DD4FD485C8B0}.Release|x64.ActiveCfg = Release|Win32
		{B2F72986-3DFF-4113-9346-DD4FD485C8B0}.ReleaseOpenCV|Win32.ActiveCfg = ReleaseOpenCV|Win32
		{B2F72986-3DFF-4113-9346-DD4FD485C8B0}.ReleaseOpenCV|Win32.Build.0 = ReleaseOpenCV|Win32
		{B2F72986-3DFF-4113-9346-DD4FD485C8B0}.ReleaseOpenCV|x64.ActiveCfg = ReleaseOpenCV|Win32
		{B2F72986-3DFF-4113-9346-DD4FD485C8B0}.ReleasePortaudio|Win32.ActiveCfg = ReleasePortaudio|Win32
		{B2F72986-3DFF-4113-9346-DD4FD485C8B0}.ReleasePortaudio|Win32.Build.0 = ReleasePortaudio|Win32
		{B2F72986-3DFF-4113-9346-DD4FD485C8B0}.ReleasePortaudio|x64.ActiveCfg = Release|Win32
		{B2F72986-3DFF-4113-9346-DD4FD485C8B0}.ReleasePortaudioOpenCV|Win32.ActiveCfg = ReleasePortAudioOpenCV|Win32
		{B2F72986-3DFF-4113-9346-DD4FD485C8B0}.ReleasePortaudioOpenCV|Win32.Build.0 = ReleasePortAudioOpenCV|Win32
		{B2F72986-3DFF-4113-9346-DD4FD485C8B0}.ReleasePortaudioOpenCV|x64.ActiveCfg = ReleasePortAudioOpenCV|Win32
		{0A18A071-125E-442F-AFF7-A3F68ABECF99}.Debug|Win32.ActiveCfg = Debug|Win32
		{0A18A071-125E-442F-AFF7-A3F68ABECF99}.Debug|x64.ActiveCfg = Debug|x64
		{0A18A071-125E-442F-AFF7-A3F68ABECF99}.Debug|x64.Build.0 = Debug|x64
		{0A18A071-125E-442F-AFF7-A3F68ABECF99}.DebugOpenCV|Win32.ActiveCfg = Debug|x64
		{0A18A071-125E-442F-AFF7-A3F68ABECF99}.DebugOpenCV|x64.ActiveCfg = Debug|x64
		{0A18A071-125E-442F-AFF7-A3F68ABECF99}.DebugOpenCV|x64.Build.0 = Debug|x64
		{0A18A071-125E-442F-AFF7-A3F68ABECF99}.DebugPortaudio|Win32.ActiveCfg = Debug|Win32
		{0A18A071-125E-442F-AFF7-A3F68ABECF99}.DebugPortaudio|Win32.Build.0 = Debug|Win32
		{0A18A071-125E-442F-AFF7-A3F68ABECF99}.DebugPortaudio|x64.ActiveCfg = Debug|x64
		{0A18A071-125E-442F-AFF7-A3F68ABECF99}.DebugPortaudio|x64.Build.0 = Debug|x64
		{0A18A071-125E-442F-AFF7-A3F68ABECF99}.DebugPortaudioOpenCV|Win32.ActiveCfg = Debug|x64
		{0A18A071-125E-442F-AFF7-A3F68ABECF99}.DebugPortaudioOpenCV|x64.ActiveCfg = Debug|x64
		{0A18A071-125E-442F-AFF7-A3F68ABECF99}.DebugPortaudioOpenCV|x64.Build.0 = Debug|x64
		{0A18A071-125E-442F-AFF7-A3F68ABECF99}.Release|Win32.ActiveCfg = Release|Win32
		{0A18A071-125E-442F-AFF7-A3F68ABECF99}.Release|Win32.Build.0 = Release|Win32
		{0A18A071-125E-442F-AFF7-A3F68ABECF99}.Release|x64.ActiveCfg = Release|x64
		{0A18A071-125E-442F-AFF7-A3F68ABECF99}.Release|x64.Build.0 = Release|x64
		{0A18A071-125E-442F-AFF7-A3F68ABECF99}.ReleaseOpenCV|Win32.ActiveCfg = Release|x64
		{0A18A071-125E-442F-AFF7-A3F68ABECF99}.ReleaseOpenCV|x64.ActiveCfg = Release|x64
		{0A18A071-125E-442F-AFF7-A3F68ABECF99}.ReleaseOpenCV|x64.Build.0 = Release|x64
		{0A18A071-125E-442F-AFF7-A3F68ABECF99}.ReleasePortaudio|Win32.ActiveCfg = Release|Win32
		{0A18A071-125E-442F-AFF7-A3F68ABECF99}.ReleasePortaudio|Win32.Build.0 = Release|Win32
		{0A18A071-125E-442F-AFF7-A3F68ABECF99}.ReleasePortaudio|x64.ActiveCfg = Release|x64
		{0A18A071-125E-442F-AFF7-A3F68ABECF99}.ReleasePortaudio|x64.Build.0 = Release|x64
		{0A18A071-125E-442F-AFF7-A3F68ABECF99}.ReleasePortaudioOpenCV|Win32.ActiveCfg = Release|x64
		{0A18A071-125E-442F-AFF7-A3F68ABECF99}.ReleasePortaudioOpenCV|x64.ActiveCfg = Release|x64
		{0A18A071-125E-442F-AFF7-A3F68ABECF99}.ReleasePortaudioOpenCV|x64.Build.0 = Release|x64
		{7361A0F8-87E5-4539-B912-880FE6FAA86C}.Debug|Win32.ActiveCfg = Debug|Win32
		{7361A0F8-87E5-4539-B912-880FE6FAA86C}.Debug|Win32.Build.0 = Debug|Win32
		{7361A0F8-87E5-4539-B912-880FE6FAA86C}.Debug|x64.ActiveCfg = Debug|Win32
		{7361A0F8-87E5-4539-B912-880FE6FAA86C}.DebugOpenCV|Win32.ActiveCfg = DebugOpenCV|Win32
		{7361A0F8-87E5-4539-B912-880FE6FAA86C}.DebugOpenCV|Win32.Build.0 = DebugOpenCV|Win32
		{7361A0F8-87E5-4539-B912-880FE6FAA86C}.DebugOpenCV|x64.ActiveCfg = DebugOpenCV|Win32
		{7361A0F8-87E5-4539-B912-880FE6FAA86C}.DebugPortaudio|Win32.ActiveCfg = Debug|Win32
		{7361A0F8-87E5-4539-B912-880FE6FAA86C}.DebugPortaudio|Win32.Build.0 = Debug|Win32
		{7361A0F8-87E5-4539-B912-880FE6FAA86C}.DebugPortaudio|x64.ActiveCfg = Debug|Win32
		{7361A0F8-87E5-4539-B912-880FE6FAA86C}.DebugPortaudioOpenCV|Win32.ActiveCfg = DebugPortaudioOpenCV|Win32
		{7361A0F8-87E5-4539-B912-880FE6FAA86C}.DebugPortaudioOpenCV|Win32.Build.0 = DebugPortaudioOpenCV|Win32
		{7361A0F8-87E5-4539-B912-880FE6FAA86C}.DebugPortaudioOpenCV|x64.ActiveCfg = DebugPortaudioOpenCV|Win32
		{7361A0F8-87E5-4539-B912-880FE6FAA86C}.Release|Win32.ActiveCfg = Release|Win32
		{7361A0F8-87E5-4539-B912-880FE6FAA86C}.Release|Win32.Build.0 = Release|Win32
		{7361A0F8-87E5-4539-B912-880FE6FAA86C}.Release|x64.ActiveCfg = Release|Win32
		{7361A0F8-87E5-4539-B912-880FE6FAA86C}.ReleaseOpenCV|Win32.ActiveCfg = ReleaseOpenCV|Win32
		{7361A0F8-87E5-4539-B912-880FE6FAA86C}.ReleaseOpenCV|Win32.Build.0 = ReleaseOpenCV|Win32
		{7361A0F8-87E5-4539-B912-880FE6FAA86C}.ReleaseOpenCV|x64.ActiveCfg = ReleaseOpenCV|Win32
		{7361A0F8-87E5-4539-B912-880FE6FAA86C}.ReleasePortaudio|Win32.ActiveCfg = Release|Win32
		{7361A0F8-87E5-4539-B912-880FE6FAA86C}.ReleasePortaudio|Win32.Build.0 = Release|Win32
		{7361A0F8-87E5-4539-B912-880FE6FAA86C}.ReleasePortaudio|x64.ActiveCfg = Release|Win32
		{7361A0F8-87E5-4539-B912-880FE6FAA86C}.ReleasePortaudioOpenCV|Win32.ActiveCfg = ReleasePortAudioOpenCV|Win32
		{7361A0F8-87E5-4539-B912-880FE6FAA86C}.ReleasePortaudioOpenCV|Win32.Build.0 = ReleasePortAudioOpenCV|Win32
		{7361A0F8-87E5-4539-B912-880FE6FAA86C}.ReleasePortaudioOpenCV|x64.ActiveCfg = ReleasePortAudioOpenCV|Win32
		{17F673EA-8364-4B82-BC98-895CCD40D5F0}.Debug|Win32.ActiveCfg = Debug|Win32
		{17F673EA-8364-4B82-BC98-895CCD40D5F0}.Debug|Win32.Build.0 = Debug|Win32
		{17F673EA-8364-4B82-BC98-895CCD40D5F0}.Debug|x64.ActiveCfg = Debug|Win32
		{17F673EA-8364-4B82-BC98-895CCD40D5F0}.DebugOpenCV|Win32.ActiveCfg = DebugOpenCV|Win32
		{17F673EA-8364-4B82-BC98-895CCD40D5F0}.DebugOpenCV|Win32.Build.0 = DebugOpenCV|Win32
		{17F673EA-8364-4B82-BC98-895CCD40D5F0}.DebugOpenCV|x64.ActiveCfg = DebugOpenCV|Win32
		{17F673EA-8364-4B82-BC98-895CCD40D5F0}.DebugPortaudio|Win32.ActiveCfg = Debug|Win32
		{17F673EA-8364-4B82-BC98-895CCD40D5F0}.DebugPortaudio|Win32.Build.0 = Debug|Win32
		{17F673EA-8364-4B82-BC98-895CCD40D5F0}.DebugPortaudio|x64.ActiveCfg = Debug|Win32
		{17F673EA-8364-4B82-BC98-895CCD40D5F0}.DebugPortaudioOpenCV|Win32.ActiveCfg = DebugPortaudioOpenCV|Win32
		{17F673EA-8364-4B82-BC98-895CCD40D5F0}.DebugPortaudioOpenCV|Win32.Build.0 = DebugPortaudioOpenCV|Win32
		{17F673EA-8364-4B82-BC98-895CCD40D5F0}.DebugPortaudioOpenCV|x64.ActiveCfg = DebugPortaudioOpenCV|Win32
		{17F673EA-8364-4B82-BC98-895CCD40D5F0}.Release|Win32.ActiveCfg = Release|Win32
		{17F673EA-8364-4B82-BC98-895CCD40D5F0}.Release|Win32.Build.0 = Release|Win32
		{17F673EA-8364-4B82-BC98-895CCD40D5F0}.Release|x64.ActiveCfg = Release|Win32
		{17F673EA-8364-4B82-BC98-895CCD40D5F0}.ReleaseOpenCV|Win32.ActiveCfg = ReleaseOpenCV|Win32
		{17F673EA-8364-4B82-BC98-895CCD40D5F0}.ReleaseOpenCV|Win32.Build.0 = ReleaseOpenCV|Win32
		{17F673EA-8364-4B82-BC98-895CCD40D5F0}.ReleaseOpenCV|x64.ActiveCfg = ReleaseOpenCV|Win32
		{17F673EA-8364-4B82-BC98-895CCD40D5F0}.ReleasePortaudio|Win32.ActiveCfg = Release|Win32
		{17F673EA-8364-4B82-BC98-895CCD40D5F0}.ReleasePortaudio|Win32.Build.0 = Release|Win32
		{17F673EA-8364-4B82-BC98-895CCD40D5F0}.ReleasePortaudio|x64.ActiveCfg = Release|Win32
		{17F673EA-8364-4B82-BC98-895CCD40D5F0}.ReleasePortaudioOpenCV|Win32.ActiveCfg = ReleasePortAudioOpenCV|Win32
		{17F673EA-8364-4B82-BC98-895CCD40D5F0}.ReleasePortaudioOpenCV|Win32.Build.0 = ReleasePortAudioOpenCV|Win32
		{17F673EA-8364-4B82-BC98-895CCD40D5F0}.ReleasePortaudioOpenCV|x64.ActiveCfg = ReleasePortAudioOpenCV|Win32
	EndGlobalSection
	GlobalSection(SolutionProperties) = preSolution
		HideSolutionNode = FALSE
	EndGlobalSection
EndGlobal
